
Microsoft Visual Studio Solution File, Format Version 12.00
# Visual Studio Version 17
VisualStudioVersion = 17.3.32819.101
MinimumVisualStudioVersion = 10.0.40219.1
Project("{FAE04EC0-301F-11D3-BF4B-00C04F79EFBC}") = "remoteplay-version-patcher", "remoteplay-version-patcher\remoteplay-version-patcher.csproj", "{DC73D659-FC7F-42CD-8F5F-8FF90D74A65C}"
EndProject
Global
	GlobalSection(SolutionConfigurationPlatforms) = preSolution
		Debug|Any CPU = Debug|Any CPU
		Release|Any CPU = Release|Any CPU
	EndGlobalSection
	GlobalSection(ProjectConfigurationPlatforms) = postSolution
		{DC73D659-FC7F-42CD-8F5F-8FF90D74A65C}.Debug|Any CPU.ActiveCfg = Debug|Any CPU
		{DC73D659-FC7F-42CD-8F5F-8FF90D74A65C}.Debug|Any CPU.Build.0 = Debug|Any CPU
		{DC73D659-FC7F-42CD-8F5F-8FF90D74A65C}.Release|Any CPU.ActiveCfg = Release|Any CPU
		{DC73D659-FC7F-42CD-8F5F-8FF90D74A65C}.Release|Any CPU.Build.0 = Release|Any CPU
	EndGlobalSection
	GlobalSection(SolutionProperties) = preSolution
		HideSolutionNode = FALSE
	EndGlobalSection
	GlobalSection(ExtensibilityGlobals) = postSolution
		SolutionGuid = {10452AC9-63A1-4E82-AE6C-90A39063BBF1}
	EndGlobalSection
EndGlobal
